{
  "name": "extendscript-logger",
  "version": "0.3.2",
  "lockfileVersion": 2,
  "requires": true,
  "packages": {
    "": {
      "name": "extendscript-logger",
      "version": "0.3.2",
      "license": "MIT",
      "dependencies": {
        "extendscript-es5-shim": "^0.2.0",
        "extendscript-json": "^0.1.1",
        "moment": "^2.24.0"
      },
      "devDependencies": {
        "extendscript-repl": "0.0.3",
        "jasminejsx": "^0.2.0"
      }
    },
    "node_modules/extendscript-es5-shim": {
      "version": "0.2.0",
      "resolved": "https://registry.npmjs.org/extendscript-es5-shim/-/extendscript-es5-shim-0.2.0.tgz",
      "integrity": "sha512-PuMTiLDHMq6hbvn7ADL1HhFd6Hj7CjDNzfIEJzWunKgX1wOoMkmnKGdzG2ULBXCzzeCYKkLglYxi7Jyw6oktoQ=="
    },
    "node_modules/extendscript-json": {
      "version": "0.1.1",
      "resolved": "https://registry.npmjs.org/extendscript-json/-/extendscript-json-0.1.1.tgz",
      "integrity": "sha512-0kbREJeucz9S0Yl+VgSKj6tKhG6h49uDceiUYTH6fSHVrtldN7lQlYysL+rN/IHEmWIqNCmN6aqNdgK4grfQnw=="
    },
    "node_modules/extendscript-logger": {
      "version": "0.2.0",
      "resolved": "https://registry.npmjs.org/extendscript-logger/-/extendscript-logger-0.2.0.tgz",
      "integrity": "sha512-W1PhDxQ4vKE2pUTXBmB45MOvHabiBMz3Klhxyrd9xqFy5iiM0niAHm1eXnSHIqWgdxcGWpsX9mBX1iBsd3BmsA==",
      "dev": true,
      "dependencies": {
        "extendscript-es5-shim": "^0.2.0",
        "moment": "^2.24.0"
      }
    },
    "node_modules/extendscript-repl": {
      "version": "0.0.3",
      "resolved": "https://registry.npmjs.org/extendscript-repl/-/extendscript-repl-0.0.3.tgz",
      "integrity": "sha512-W0EtoIx+ynOEhPB/GdFoqb6SvsWllgiNgn/59zWhn7yZPpEP6GzcRfbvd0/xE19FdV6Eh8fnY9edjxkfHKieVA==",
      "dev": true
    },
    "node_modules/jasminejsx": {
      "version": "0.2.0",
      "resolved": "https://registry.npmjs.org/jasminejsx/-/jasminejsx-0.2.0.tgz",
      "integrity": "sha512-r5aC51AoBD1fqJKFteLU5bpmndpEgzp1rvDvpKvTPpnvcAe8vitwU91KTEWeYZE8kpfRyMgpkSd24u6Ah/+p6w==",
      "dev": true,
      "dependencies": {
        "extendscript-es5-shim": "^0.2.0",
        "extendscript-logger": "^0.2.0",
        "moment": "^2.24.0"
      },
      "engines": {
        "node": ">= 0.8.0"
      }
    },
    "node_modules/moment": {
      "version": "2.29.4",
      "resolved": "https://registry.npmjs.org/moment/-/moment-2.29.4.tgz",
      "integrity": "sha512-5LC9SOxjSc2HF6vO2CyuTDNivEdoz2IvyJJGj6X8DJ0eFyfszE0QiEd+iXmBvUP3WHxSjFH/vIsA0EN00cgr8w==",
      "engines": {
        "node": "*"
      }
    }
  },
  "dependencies": {
    "extendscript-es5-shim": {
      "version": "0.2.0",
      "resolved": "https://registry.npmjs.org/extendscript-es5-shim/-/extendscript-es5-shim-0.2.0.tgz",
      "integrity": "sha512-PuMTiLDHMq6hbvn7ADL1HhFd6Hj7CjDNzfIEJzWunKgX1wOoMkmnKGdzG2ULBXCzzeCYKkLglYxi7Jyw6oktoQ=="
    },
    "extendscript-json": {
      "version": "0.1.1",
      "resolved": "https://registry.npmjs.org/extendscript-json/-/extendscript-json-0.1.1.tgz",
      "integrity": "sha512-0kbREJeucz9S0Yl+VgSKj6tKhG6h49uDceiUYTH6fSHVrtldN7lQlYysL+rN/IHEmWIqNCmN6aqNdgK4grfQnw=="
    },
    "extendscript-logger": {
      "version": "0.2.0",
      "resolved": "https://registry.npmjs.org/extendscript-logger/-/extendscript-logger-0.2.0.tgz",
      "integrity": "sha512-W1PhDxQ4vKE2pUTXBmB45MOvHabiBMz3Klhxyrd9xqFy5iiM0niAHm1eXnSHIqWgdxcGWpsX9mBX1iBsd3BmsA==",
      "dev": true,
      "requires": {
        "extendscript-es5-shim": "^0.2.0",
        "moment": "^2.24.0"
      }
    },
    "extendscript-repl": {
      "version": "0.0.3",
      "resolved": "https://registry.npmjs.org/extendscript-repl/-/extendscript-repl-0.0.3.tgz",
      "integrity": "sha512-W0EtoIx+ynOEhPB/GdFoqb6SvsWllgiNgn/59zWhn7yZPpEP6GzcRfbvd0/xE19FdV6Eh8fnY9edjxkfHKieVA==",
      "dev": true
    },
    "jasminejsx": {
      "version": "0.2.0",
      "resolved": "https://registry.npmjs.org/jasminejsx/-/jasminejsx-0.2.0.tgz",
      "integrity": "sha512-r5aC51AoBD1fqJKFteLU5bpmndpEgzp1rvDvpKvTPpnvcAe8vitwU91KTEWeYZE8kpfRyMgpkSd24u6Ah/+p6w==",
      "dev": true,
      "requires": {
        "extendscript-es5-shim": "^0.2.0",
        "extendscript-logger": "^0.2.0",
        "moment": "^2.24.0"
      }
    },
    "moment": {
      "version": "2.29.4",
      "resolved": "https://registry.npmjs.org/moment/-/moment-2.29.4.tgz",
      "integrity": "sha512-5LC9SOxjSc2HF6vO2CyuTDNivEdoz2IvyJJGj6X8DJ0eFyfszE0QiEd+iXmBvUP3WHxSjFH/vIsA0EN00cgr8w=="
    }
  }
}
