{
  "name": "extendscript-logger",
  "version": "0.1.1",
  "lockfileVersion": 1,
  "requires": true,
  "dependencies": {
    "extendscript-es5-shim": {
      "version": "0.2.0",
      "resolved": "https://registry.npmjs.org/extendscript-es5-shim/-/extendscript-es5-shim-0.2.0.tgz",
      "integrity": "sha512-PuMTiLDHMq6hbvn7ADL1HhFd6Hj7CjDNzfIEJzWunKgX1wOoMkmnKGdzG2ULBXCzzeCYKkLglYxi7Jyw6oktoQ=="
    },
    "extendscript-logger": {
      "version": "0.0.1",
      "resolved": "https://registry.npmjs.org/extendscript-logger/-/extendscript-logger-0.0.1.tgz",
      "integrity": "sha512-cxDIUFOcKSsuzjf+F1cHW8+GTEVuwecnYvkd9+zSCMhG4yPy9QO+O0SzuRD9jE3noXUsvJO3hLGT+5Y9Nc94Ig==",
      "dev": true,
      "requires": {
        "extendscript-es5-shim": "^0.2.0",
        "moment": "^2.24.0"
      }
    },
    "jasminejsx": {
      "version": "0.0.2",
      "resolved": "https://registry.npmjs.org/jasminejsx/-/jasminejsx-0.0.2.tgz",
      "integrity": "sha512-ANpFvnl+fQAfF0BLU3B2n9t7nLncMDeWoxy3BqkyUNJ3NuR0atBrBfPl/A9W4mQfCnWcXYyoIzeSr0PKI7o7OQ==",
      "dev": true,
      "requires": {
        "extendscript-es5-shim": "^0.2.0",
        "extendscript-logger": "0.0.1",
        "moment": "^2.24.0"
      }
    },
    "moment": {
      "version": "2.24.0",
      "resolved": "https://registry.npmjs.org/moment/-/moment-2.24.0.tgz",
      "integrity": "sha512-bV7f+6l2QigeBBZSM/6yTNq4P2fNpSWj/0e7jQcy87A8e7o2nAfP/34/2ky5Vw4B9S446EtIhodAzkFCcR4dQg=="
    }
  }
}
