{
  "name": "extendscript-logger",
  "version": "0.0.1",
  "lockfileVersion": 1,
  "requires": true,
  "dependencies": {
    "extendscript-es5-shim": {
      "version": "0.2.0",
      "resolved": "https://registry.npmjs.org/extendscript-es5-shim/-/extendscript-es5-shim-0.2.0.tgz",
      "integrity": "sha512-PuMTiLDHMq6hbvn7ADL1HhFd6Hj7CjDNzfIEJzWunKgX1wOoMkmnKGdzG2ULBXCzzeCYKkLglYxi7Jyw6oktoQ=="
    },
    "extendscript-logger": {
      "version": "git://github.com/theasci/extendscript-logger.git#05ff061f67b3f547f95826a58fd208ea06866477",
      "dev": true,
      "requires": {
        "extendscript-es5-shim": "0.2.0",
        "moment": "2.24.0"
      }
    },
    "jasminejsx": {
      "version": "git://github.com/theasci/jasminejsx.git#5a9c74983f64bb139bb127da291813c9c6ea0b07",
      "dev": true,
      "requires": {
        "extendscript-es5-shim": "0.2.0",
        "extendscript-logger": "git://github.com/theasci/extendscript-logger.git#05ff061f67b3f547f95826a58fd208ea06866477",
        "moment": "2.24.0"
      }
    },
    "moment": {
      "version": "2.24.0",
      "resolved": "https://registry.npmjs.org/moment/-/moment-2.24.0.tgz",
      "integrity": "sha512-bV7f+6l2QigeBBZSM/6yTNq4P2fNpSWj/0e7jQcy87A8e7o2nAfP/34/2ky5Vw4B9S446EtIhodAzkFCcR4dQg=="
    }
  }
}
